
Microsoft Visual Studio Solution File, Format Version 12.00
# Visual Studio Version 16
VisualStudioVersion = 16.0.30523.141
MinimumVisualStudioVersion = 10.0.40219.1
Project("{FAE04EC0-301F-11D3-BF4B-00C04F79EFBC}") = "Gk1Froms", "Gk1Froms\Gk1Froms.csproj", "{D94DC03A-6456-4683-9795-08934F2DC7ED}"
EndProject
Global
	GlobalSection(SolutionConfigurationPlatforms) = preSolution
		Debug|Any CPU = Debug|Any CPU
		Release|Any CPU = Release|Any CPU
	EndGlobalSection
	GlobalSection(ProjectConfigurationPlatforms) = postSolution
		{D94DC03A-6456-4683-9795-08934F2DC7ED}.Debug|Any CPU.ActiveCfg = Debug|Any CPU
		{D94DC03A-6456-4683-9795-08934F2DC7ED}.Debug|Any CPU.Build.0 = Debug|Any CPU
		{D94DC03A-6456-4683-9795-08934F2DC7ED}.Release|Any CPU.ActiveCfg = Release|Any CPU
		{D94DC03A-6456-4683-9795-08934F2DC7ED}.Release|Any CPU.Build.0 = Release|Any CPU
	EndGlobalSection
	GlobalSection(SolutionProperties) = preSolution
		HideSolutionNode = FALSE
	EndGlobalSection
	GlobalSection(ExtensibilityGlobals) = postSolution
		SolutionGuid = {714F97E0-5CF5-4981-B792-E48BA3DCA2BE}
	EndGlobalSection
EndGlobal
